{
  "nodes": {
    "flake-utils": {
      "locked": {
        "lastModified": 1653893745,
        "narHash": "sha256-0jntwV3Z8//YwuOjzhV2sgJJPt+HY6KhU7VZUL0fKZQ=",
        "owner": "numtide",
        "repo": "flake-utils",
        "rev": "1ed9fb1935d260de5fe1c2f7ee0ebaae17ed2fa1",
        "type": "github"
      },
      "original": {
        "owner": "numtide",
        "repo": "flake-utils",
        "type": "github"
      }
    },
    "nixpkgs": {
      "locked": {
        "lastModified": 1654540670,
        "narHash": "sha256-qNg3cUyDWvkC5AUZZEQ9WWb49Y/BT4HQ10e/8wfvcgY=",
        "owner": "NixOS",
        "repo": "nixpkgs",
        "rev": "f05e7d39a48db1cd5bcdc7775e171779d7b4a8a6",
        "type": "github"
      },
      "original": {
        "owner": "NixOS",
        "ref": "nixos-22.05",
        "repo": "nixpkgs",
        "type": "github"
      }
    },
    "root": {
      "inputs": {
        "flake-utils": "flake-utils",
        "nixpkgs": "nixpkgs",
        "tinycmmc": "tinycmmc"
      }
    },
    "tinycmmc": {
      "inputs": {
        "flake-utils": [
          "flake-utils"
        ],
        "nixpkgs": [
          "nixpkgs"
        ]
      },
      "locked": {
        "lastModified": 1654630860,
        "narHash": "sha256-hOqcKbXrW0xaWawfvuJKELsdwH54SveGOwaF/Ddjvfc=",
        "owner": "grumbel",
        "repo": "tinycmmc",
        "rev": "71a621233e619b23326a058c60bbf44961bd430c",
        "type": "github"
      },
      "original": {
        "owner": "grumbel",
        "repo": "tinycmmc",
        "type": "github"
      }
    }
  },
  "root": "root",
  "version": 7
}
